{
  "name": "livetestserver",
  "version": "1.0.0",
  "lockfileVersion": 3,
  "requires": true,
  "packages": {
    "": {
      "name": "livetestserver",
      "version": "1.0.0",
      "license": "ISC",
      "dependencies": {
        "anygridjs": "^1.0.8"
      }
    },
    "node_modules/anygridjs": {
      "version": "1.0.8",
      "resolved": "https://registry.npmjs.org/anygridjs/-/anygridjs-1.0.8.tgz",
      "integrity": "sha512-hnlKcQRlVvCpbPGF5WcW2z7/IxxBMP2GLfzzWFtuOEEIKwoGIxJhCn7GWmab8x9kFYoi8M6WM9ciaIKiD+8aVw=="
    }
  }
}
